
Microsoft Visual Studio Solution File, Format Version 12.00
# Visual Studio 15
VisualStudioVersion = 15.0.28010.2050
MinimumVisualStudioVersion = 10.0.40219.1
Project("{FAE04EC0-301F-11D3-BF4B-00C04F79EFBC}") = "jan123", "jan123\jan123.csproj", "{DF3DE441-BF8E-48C1-A71A-005D2854B5CE}"
EndProject
Global
	GlobalSection(SolutionConfigurationPlatforms) = preSolution
		Debug|Any CPU = Debug|Any CPU
		Release|Any CPU = Release|Any CPU
	EndGlobalSection
	GlobalSection(ProjectConfigurationPlatforms) = postSolution
		{DF3DE441-BF8E-48C1-A71A-005D2854B5CE}.Debug|Any CPU.ActiveCfg = Debug|Any CPU
		{DF3DE441-BF8E-48C1-A71A-005D2854B5CE}.Debug|Any CPU.Build.0 = Debug|Any CPU
		{DF3DE441-BF8E-48C1-A71A-005D2854B5CE}.Release|Any CPU.ActiveCfg = Release|Any CPU
		{DF3DE441-BF8E-48C1-A71A-005D2854B5CE}.Release|Any CPU.Build.0 = Release|Any CPU
	EndGlobalSection
	GlobalSection(SolutionProperties) = preSolution
		HideSolutionNode = FALSE
	EndGlobalSection
	GlobalSection(ExtensibilityGlobals) = postSolution
		SolutionGuid = {22695CB9-A574-42EF-9C8A-8B32B26E2120}
	EndGlobalSection
EndGlobal
